{
  "version": 4,
  "terraform_version": "0.14.8",
  "serial": 11,
  "lineage": "95fb37c7-b5c0-9f2b-5472-5edea2f42290",
  "outputs": {},
  "resources": [
    {
      "mode": "managed",
      "type": "aws_vpc",
      "name": "main",
      "provider": "provider[\"registry.terraform.io/hashicorp/aws\"]",
      "instances": [
        {
          "schema_version": 1,
          "attributes": {
            "arn": "arn:aws:ec2:ap-south-1:324079427235:vpc/vpc-04713e8c13fcc9a55",
            "assign_generated_ipv6_cidr_block": false,
            "cidr_block": "190.160.0.0/24",
            "default_network_acl_id": "acl-06f38f8e45a9151fe",
            "default_route_table_id": "rtb-0868c94cc1eac5582",
            "default_security_group_id": "sg-04f5ef4576474b716",
            "dhcp_options_id": "dopt-aa6766c2",
            "enable_classiclink": null,
            "enable_classiclink_dns_support": null,
            "enable_dns_hostnames": false,
            "enable_dns_support": true,
            "id": "vpc-04713e8c13fcc9a55",
            "instance_tenancy": "default",
            "ipv6_association_id": "",
            "ipv6_cidr_block": "",
            "main_route_table_id": "rtb-0868c94cc1eac5582",
            "owner_id": "324079427235",
            "tags": {
              "Location": "Bangalore",
              "Name": "main"
            },
            "tags_all": {
              "Location": "Bangalore",
              "Name": "main"
            }
          },
          "sensitive_attributes": [],
          "private": "eyJzY2hlbWFfdmVyc2lvbiI6IjEifQ=="
        }
      ]
    }
  ]
}
