{
  "version": 4,
  "terraform_version": "1.0.0",
  "serial": 14,
  "lineage": "3416cdc8-63ad-905c-7362-83be698f8883",
  "outputs": {},
  "resources": [
    {
      "mode": "managed",
      "type": "aws_instance",
      "name": "web",
      "provider": "provider[\"registry.terraform.io/hashicorp/aws\"]",
      "instances": [
        {
          "schema_version": 1,
          "attributes": {
            "ami": "ami-00399ec92321828f5",
            "arn": "arn:aws:ec2:us-east-2:324079427235:instance/i-0fb2eb5c556e2b155",
            "associate_public_ip_address": true,
            "availability_zone": "us-east-2c",
            "capacity_reservation_specification": [
              {
                "capacity_reservation_preference": "open",
                "capacity_reservation_target": []
              }
            ],
            "cpu_core_count": 1,
            "cpu_threads_per_core": 1,
            "credit_specification": [
              {
                "cpu_credits": "standard"
              }
            ],
            "disable_api_termination": false,
            "ebs_block_device": [],
            "ebs_optimized": false,
            "enclave_options": [
              {
                "enabled": false
              }
            ],
            "ephemeral_block_device": [],
            "get_password_data": false,
            "hibernation": false,
            "host_id": null,
            "iam_instance_profile": "",
            "id": "i-0fb2eb5c556e2b155",
            "instance_initiated_shutdown_behavior": "stop",
            "instance_state": "running",
            "instance_type": "t2.micro",
            "ipv6_address_count": 0,
            "ipv6_addresses": [],
            "key_name": "deployer-key",
            "metadata_options": [
              {
                "http_endpoint": "enabled",
                "http_put_response_hop_limit": 1,
                "http_tokens": "optional"
              }
            ],
            "monitoring": false,
            "network_interface": [],
            "outpost_arn": "",
            "password_data": "",
            "placement_group": "",
            "primary_network_interface_id": "eni-065f52da604f91e4d",
            "private_dns": "ip-172-31-32-144.us-east-2.compute.internal",
            "private_ip": "172.31.32.144",
            "public_dns": "ec2-18-118-130-174.us-east-2.compute.amazonaws.com",
            "public_ip": "18.118.130.174",
            "root_block_device": [
              {
                "delete_on_termination": true,
                "device_name": "/dev/sda1",
                "encrypted": false,
                "iops": 100,
                "kms_key_id": "",
                "tags": {},
                "throughput": 0,
                "volume_id": "vol-00e2e2ddeb477442e",
                "volume_size": 8,
                "volume_type": "gp2"
              }
            ],
            "secondary_private_ips": [],
            "security_groups": [
              "default"
            ],
            "source_dest_check": true,
            "subnet_id": "subnet-c0cb318c",
            "tags": {
              "Batch": "7AM",
              "Name": "Terraform"
            },
            "tags_all": {
              "Batch": "7AM",
              "Name": "Terraform"
            },
            "tenancy": "default",
            "timeouts": null,
            "user_data": "691ba2adbad75a938347d6561f8b5981525a06dc",
            "user_data_base64": null,
            "volume_tags": null,
            "vpc_security_group_ids": [
              "sg-a9dd66c4"
            ]
          },
          "sensitive_attributes": [],
          "private": "eyJlMmJmYjczMC1lY2FhLTExZTYtOGY4OC0zNDM2M2JjN2M0YzAiOnsiY3JlYXRlIjo2MDAwMDAwMDAwMDAsImRlbGV0ZSI6MTIwMDAwMDAwMDAwMCwidXBkYXRlIjo2MDAwMDAwMDAwMDB9LCJzY2hlbWFfdmVyc2lvbiI6IjEifQ==",
          "dependencies": [
            "aws_key_pair.deployer"
          ]
        }
      ]
    },
    {
      "mode": "managed",
      "type": "aws_key_pair",
      "name": "deployer",
      "provider": "provider[\"registry.terraform.io/hashicorp/aws\"]",
      "instances": [
        {
          "schema_version": 1,
          "attributes": {
            "arn": "arn:aws:ec2:us-east-2:324079427235:key-pair/deployer-key",
            "fingerprint": "b5:9d:32:59:ff:83:53:28:b1:3a:4d:01:76:c2:b6:23",
            "id": "deployer-key",
            "key_name": "deployer-key",
            "key_name_prefix": null,
            "key_pair_id": "key-07fd81e1f31dfc231",
            "public_key": "---- BEGIN SSH2 PUBLIC KEY ----\r\nComment: \"rsa-key-20210611\"\r\nAAAAB3NzaC1yc2EAAAABJQAAAQEAlDespWbsMN4ULyVOgDHUAaD3fX2vzCsK73eW\r\nxaovUK/EQz5hTiT4kOzHd/8CL87SUDg5quH/ZozBwYrsDJSYnkb4kv5nk65cw7q/\r\nl9dDl2XANrX7/kNsFFnlnrxec8VKZ07bGyXWZnGF2SZyQEQwhbkhQ45Nv3Y0UnSW\r\nYhzy5IoQ7/bF8913eknZAbhzLhiLCIgwZ8eA3xJ4UtummjM5mkYmhjGwoOLtMGIQ\r\nncg2W5qSzbWxwMCmZBwc7+mFV7gWhlypU0nch7mTT8RTVHHJJh6TwX/wjxJWAAvu\r\nLE/hc+SHrKYoVTyHkTKASMQQnJn0S4krdusO5Q/hQ16vu3e5cw==\r\n---- END SSH2 PUBLIC KEY ----",
            "tags": null,
            "tags_all": {}
          },
          "sensitive_attributes": [],
          "private": "eyJzY2hlbWFfdmVyc2lvbiI6IjEifQ=="
        }
      ]
    }
  ]
}
